
Microsoft Visual Studio Solution File, Format Version 12.00
# Visual Studio 14
VisualStudioVersion = 14.0.25420.1
MinimumVisualStudioVersion = 10.0.40219.1
Project("{FAE04EC0-301F-11D3-BF4B-00C04F79EFBC}") = "Cake.Prca.Issues.InspectCode", "Cake.Prca.Issues.InspectCode\Cake.Prca.Issues.InspectCode.csproj", "{686F8B73-D231-4CBD-B465-B9700AAB40F6}"
EndProject
Project("{FAE04EC0-301F-11D3-BF4B-00C04F79EFBC}") = "Cake.Prca.Issues.InspectCode.Tests", "Cake.Prca.Issues.InspectCode.Tests\Cake.Prca.Issues.InspectCode.Tests.csproj", "{4056E537-66AE-457C-A6E9-59DE00AE1E27}"
EndProject
Project("{2150E333-8FDC-42A3-9474-1A3956D46DE8}") = "Build", "Build", "{ED8349A0-24FE-4004-BFE6-C3133B910CCB}"
	ProjectSection(SolutionItems) = preProject
		..\build.ps1 = ..\build.ps1
		..\build.sh = ..\build.sh
		..\setup.cake = ..\setup.cake
	EndProjectSection
EndProject
Project("{2150E333-8FDC-42A3-9474-1A3956D46DE8}") = "nuspec", "nuspec", "{41F94A0D-F38D-4B1B-8200-52A377BA884A}"
	ProjectSection(SolutionItems) = preProject
		..\nuspec\nuget\Cake.Prca.Issues.InspectCode.nuspec = ..\nuspec\nuget\Cake.Prca.Issues.InspectCode.nuspec
	EndProjectSection
EndProject
Global
	GlobalSection(SolutionConfigurationPlatforms) = preSolution
		Debug|Any CPU = Debug|Any CPU
		Release|Any CPU = Release|Any CPU
	EndGlobalSection
	GlobalSection(ProjectConfigurationPlatforms) = postSolution
		{686F8B73-D231-4CBD-B465-B9700AAB40F6}.Debug|Any CPU.ActiveCfg = Debug|Any CPU
		{686F8B73-D231-4CBD-B465-B9700AAB40F6}.Debug|Any CPU.Build.0 = Debug|Any CPU
		{686F8B73-D231-4CBD-B465-B9700AAB40F6}.Release|Any CPU.ActiveCfg = Release|Any CPU
		{686F8B73-D231-4CBD-B465-B9700AAB40F6}.Release|Any CPU.Build.0 = Release|Any CPU
		{4056E537-66AE-457C-A6E9-59DE00AE1E27}.Debug|Any CPU.ActiveCfg = Debug|Any CPU
		{4056E537-66AE-457C-A6E9-59DE00AE1E27}.Debug|Any CPU.Build.0 = Debug|Any CPU
		{4056E537-66AE-457C-A6E9-59DE00AE1E27}.Release|Any CPU.ActiveCfg = Release|Any CPU
		{4056E537-66AE-457C-A6E9-59DE00AE1E27}.Release|Any CPU.Build.0 = Release|Any CPU
	EndGlobalSection
	GlobalSection(SolutionProperties) = preSolution
		HideSolutionNode = FALSE
	EndGlobalSection
	GlobalSection(NestedProjects) = preSolution
		{41F94A0D-F38D-4B1B-8200-52A377BA884A} = {ED8349A0-24FE-4004-BFE6-C3133B910CCB}
	EndGlobalSection
EndGlobal
